{
  "name": "object-adaptation-js",
  "version": "1.0.0",
  "lockfileVersion": 1,
  "requires": true,
  "dependencies": {
    "assert-object-shape": {
      "version": "1.0.0",
      "resolved": "https://registry.npmjs.org/assert-object-shape/-/assert-object-shape-1.0.0.tgz",
      "integrity": "sha512-LBADUG/RQxoRsQlZbuZjb+8c2LiM93UKBVozeQbkSuCs9uA+UnJ66kgRuMCAIWCjWV+tb5/qPa6gefA/zQDu8A==",
      "requires": {
        "lodash.isplainobject": "^4.0.6"
      }
    },
    "lodash.isplainobject": {
      "version": "4.0.6",
      "resolved": "https://registry.npmjs.org/lodash.isplainobject/-/lodash.isplainobject-4.0.6.tgz",
      "integrity": "sha1-fFJqUtibRcRcxpC4gWO+BJf1UMs="
    }
  }
}
